
Microsoft Visual Studio Solution File, Format Version 12.00
# Visual Studio Version 17
VisualStudioVersion = 17.5.33414.496
MinimumVisualStudioVersion = 10.0.40219.1
Project("{FAE04EC0-301F-11D3-BF4B-00C04F79EFBC}") = "formmod3", "formmod3\formmod3.csproj", "{98AE173A-306B-4842-AA5C-98C8F33098A7}"
EndProject
Global
	GlobalSection(SolutionConfigurationPlatforms) = preSolution
		Debug|Any CPU = Debug|Any CPU
		Release|Any CPU = Release|Any CPU
	EndGlobalSection
	GlobalSection(ProjectConfigurationPlatforms) = postSolution
		{98AE173A-306B-4842-AA5C-98C8F33098A7}.Debug|Any CPU.ActiveCfg = Debug|Any CPU
		{98AE173A-306B-4842-AA5C-98C8F33098A7}.Debug|Any CPU.Build.0 = Debug|Any CPU
		{98AE173A-306B-4842-AA5C-98C8F33098A7}.Release|Any CPU.ActiveCfg = Release|Any CPU
		{98AE173A-306B-4842-AA5C-98C8F33098A7}.Release|Any CPU.Build.0 = Release|Any CPU
	EndGlobalSection
	GlobalSection(SolutionProperties) = preSolution
		HideSolutionNode = FALSE
	EndGlobalSection
	GlobalSection(ExtensibilityGlobals) = postSolution
		SolutionGuid = {C8264DF7-0FF4-438B-943E-26A6968F2AC3}
	EndGlobalSection
EndGlobal
